
Microsoft Visual Studio Solution File, Format Version 12.00
# Visual Studio Version 16
VisualStudioVersion = 16.0.29905.134
MinimumVisualStudioVersion = 10.0.40219.1
Project("{FAE04EC0-301F-11D3-BF4B-00C04F79EFBC}") = "CannabisChoice", "CannabisChoice.csproj", "{8DC8AF9C-247F-4C25-98F1-C1B1C7D76E63}"
EndProject
Global
	GlobalSection(SolutionConfigurationPlatforms) = preSolution
		Debug|Any CPU = Debug|Any CPU
		Release|Any CPU = Release|Any CPU
	EndGlobalSection
	GlobalSection(ProjectConfigurationPlatforms) = postSolution
		{8DC8AF9C-247F-4C25-98F1-C1B1C7D76E63}.Debug|Any CPU.ActiveCfg = Debug|Any CPU
		{8DC8AF9C-247F-4C25-98F1-C1B1C7D76E63}.Debug|Any CPU.Build.0 = Debug|Any CPU
		{8DC8AF9C-247F-4C25-98F1-C1B1C7D76E63}.Release|Any CPU.ActiveCfg = Release|Any CPU
		{8DC8AF9C-247F-4C25-98F1-C1B1C7D76E63}.Release|Any CPU.Build.0 = Release|Any CPU
	EndGlobalSection
	GlobalSection(SolutionProperties) = preSolution
		HideSolutionNode = FALSE
	EndGlobalSection
	GlobalSection(ExtensibilityGlobals) = postSolution
		SolutionGuid = {FE1BA146-57B1-45C0-8B98-09E73A46D013}
	EndGlobalSection
EndGlobal
